
Microsoft Visual Studio Solution File, Format Version 12.00
# Visual Studio Version 17
VisualStudioVersion = 17.10.35122.118
MinimumVisualStudioVersion = 10.0.40219.1
Project("{9A19103F-16F7-4668-BE54-9A1E7A4F7556}") = "Semana 1", "MeuPrimeiroProjeto\Semana 1.csproj", "{65AC758A-B5CE-4F0D-A4D2-37AF974EF371}"
EndProject
Project("{FAE04EC0-301F-11D3-BF4B-00C04F79EFBC}") = "Exercicios", "Exercicios\Exercicios.csproj", "{F15C0088-5E50-4395-BA65-797EB8FA7E23}"
EndProject
Project("{FAE04EC0-301F-11D3-BF4B-00C04F79EFBC}") = "Semana 2", "Semana 2\Semana 2.csproj", "{F4A09CEC-272B-4DA5-BFA6-16E7857260E9}"
EndProject
Global
	GlobalSection(SolutionConfigurationPlatforms) = preSolution
		Debug|Any CPU = Debug|Any CPU
		Release|Any CPU = Release|Any CPU
	EndGlobalSection
	GlobalSection(ProjectConfigurationPlatforms) = postSolution
		{65AC758A-B5CE-4F0D-A4D2-37AF974EF371}.Debug|Any CPU.ActiveCfg = Debug|Any CPU
		{65AC758A-B5CE-4F0D-A4D2-37AF974EF371}.Debug|Any CPU.Build.0 = Debug|Any CPU
		{65AC758A-B5CE-4F0D-A4D2-37AF974EF371}.Release|Any CPU.ActiveCfg = Release|Any CPU
		{65AC758A-B5CE-4F0D-A4D2-37AF974EF371}.Release|Any CPU.Build.0 = Release|Any CPU
		{F15C0088-5E50-4395-BA65-797EB8FA7E23}.Debug|Any CPU.ActiveCfg = Debug|Any CPU
		{F15C0088-5E50-4395-BA65-797EB8FA7E23}.Debug|Any CPU.Build.0 = Debug|Any CPU
		{F15C0088-5E50-4395-BA65-797EB8FA7E23}.Release|Any CPU.ActiveCfg = Release|Any CPU
		{F15C0088-5E50-4395-BA65-797EB8FA7E23}.Release|Any CPU.Build.0 = Release|Any CPU
		{F4A09CEC-272B-4DA5-BFA6-16E7857260E9}.Debug|Any CPU.ActiveCfg = Debug|Any CPU
		{F4A09CEC-272B-4DA5-BFA6-16E7857260E9}.Debug|Any CPU.Build.0 = Debug|Any CPU
		{F4A09CEC-272B-4DA5-BFA6-16E7857260E9}.Release|Any CPU.ActiveCfg = Release|Any CPU
		{F4A09CEC-272B-4DA5-BFA6-16E7857260E9}.Release|Any CPU.Build.0 = Release|Any CPU
	EndGlobalSection
	GlobalSection(SolutionProperties) = preSolution
		HideSolutionNode = FALSE
	EndGlobalSection
	GlobalSection(ExtensibilityGlobals) = postSolution
		SolutionGuid = {05B3E19D-63C0-41B0-9D68-FEC020CCCBF0}
	EndGlobalSection
EndGlobal
